PODS:
  - Alamofire (5.6.2)
  - ImageSlideshow/Core (1.9.2)
  - ImageSlideshow/SDWebImage (1.9.2):
    - ImageSlideshow/Core
    - SDWebImage (>= 3.7)
  - PKHUD (5.3.0)
  - SDWebImage (5.13.2):
    - SDWebImage/Core (= 5.13.2)
  - SDWebImage/Core (5.13.2)
  - SwiftLint (0.48.0)

DEPENDENCIES:
  - Alamofire (~> 5.2)
  - ImageSlideshow/SDWebImage
  - PKHUD (~> 5.0)
  - SwiftLint

SPEC REPOS:
  trunk:
    - Alamofire
    - ImageSlideshow
    - PKHUD
    - SDWebImage
    - SwiftLint

SPEC CHECKSUMS:
  Alamofire: d368e1ff8a298e6dde360e35a3e68e6c610e7204
  ImageSlideshow: be305b54eaf2b2cfc7a7141c7c734605d44dc07d
  PKHUD: 98f3e4bc904b9c916f1c5bb6d765365b5357291b
  SDWebImage: 72f86271a6f3139cc7e4a89220946489d4b9a866
  SwiftLint: 284cea64b6187c5d6bd83e9a548a64104d546447

PODFILE CHECKSUM: 79cc50f6603fbeae3ef4b087f43082444f2fb2a5

COCOAPODS: 1.11.3
