// !$*UTF8*$!
{
	archiveVersion = 1;
	classes = {
	};
	objectVersion = 55;
	objects = {

/* Begin PBXBuildFile section */
		23580E2E109C6B52BE85475B /* Pods_LMoviesDB.framework in Frameworks */ = {isa = PBXBuildFile; fileRef = 8003FAF567DDEBCFCFE1F754 /* Pods_LMoviesDB.framework */; };
		401687DF286745AD00A3CB8F /* MovieTableViewCell.swift in Sources */ = {isa = PBXBuildFile; fileRef = 401687DE286745AD00A3CB8F /* MovieTableViewCell.swift */; };
		401687E5286746AA00A3CB8F /* HomeViewModel.swift in Sources */ = {isa = PBXBuildFile; fileRef = 401687E4286746AA00A3CB8F /* HomeViewModel.swift */; };
		401687E72867471000A3CB8F /* MovieDetailsViewModel.swift in Sources */ = {isa = PBXBuildFile; fileRef = 401687E62867471000A3CB8F /* MovieDetailsViewModel.swift */; };
		409BE15D28663ABC00B9362F /* AppDelegate.swift in Sources */ = {isa = PBXBuildFile; fileRef = 409BE15C28663ABC00B9362F /* AppDelegate.swift */; };
		409BE15F28663ABC00B9362F /* SceneDelegate.swift in Sources */ = {isa = PBXBuildFile; fileRef = 409BE15E28663ABC00B9362F /* SceneDelegate.swift */; };
		409BE16128663ABC00B9362F /* HomeViewController.swift in Sources */ = {isa = PBXBuildFile; fileRef = 409BE16028663ABC00B9362F /* HomeViewController.swift */; };
		409BE16428663ABC00B9362F /* Main.storyboard in Resources */ = {isa = PBXBuildFile; fileRef = 409BE16228663ABC00B9362F /* Main.storyboard */; };
		409BE16928663AC100B9362F /* LaunchScreen.storyboard in Resources */ = {isa = PBXBuildFile; fileRef = 409BE16728663AC100B9362F /* LaunchScreen.storyboard */; };
		409BE1782866617500B9362F /* Movie.swift in Sources */ = {isa = PBXBuildFile; fileRef = 409BE1772866617500B9362F /* Movie.swift */; };
		409BE17A2866621400B9362F /* Date.swift in Sources */ = {isa = PBXBuildFile; fileRef = 409BE1792866621400B9362F /* Date.swift */; };
		409BE17C286662F800B9362F /* MoviesResponse.swift in Sources */ = {isa = PBXBuildFile; fileRef = 409BE17B286662F800B9362F /* MoviesResponse.swift */; };
		409BE1822866F7A900B9362F /* UserService.swift in Sources */ = {isa = PBXBuildFile; fileRef = 409BE1812866F7A900B9362F /* UserService.swift */; };
		409BE184286709D400B9362F /* MovieDetailsViewController.swift in Sources */ = {isa = PBXBuildFile; fileRef = 409BE183286709D400B9362F /* MovieDetailsViewController.swift */; };
		409BE1872867266000B9362F /* Assets.xcassets in Resources */ = {isa = PBXBuildFile; fileRef = 409BE1862867266000B9362F /* Assets.xcassets */; };
		FB67997928676AB70086A07B /* MovieHeaderTableViewCell.swift in Sources */ = {isa = PBXBuildFile; fileRef = FB67997728676AB70086A07B /* MovieHeaderTableViewCell.swift */; };
		FB67997A28676AB70086A07B /* MovieHeaderTableViewCell.xib in Resources */ = {isa = PBXBuildFile; fileRef = FB67997828676AB70086A07B /* MovieHeaderTableViewCell.xib */; };
/* End PBXBuildFile section */

/* Begin PBXFileReference section */
		401687DE286745AD00A3CB8F /* MovieTableViewCell.swift */ = {isa = PBXFileReference; lastKnownFileType = sourcecode.swift; path = MovieTableViewCell.swift; sourceTree = "<group>"; };
		401687E4286746AA00A3CB8F /* HomeViewModel.swift */ = {isa = PBXFileReference; lastKnownFileType = sourcecode.swift; path = HomeViewModel.swift; sourceTree = "<group>"; };
		401687E62867471000A3CB8F /* MovieDetailsViewModel.swift */ = {isa = PBXFileReference; lastKnownFileType = sourcecode.swift; path = MovieDetailsViewModel.swift; sourceTree = "<group>"; };
		409BE15928663ABC00B9362F /* LMoviesDB.app */ = {isa = PBXFileReference; explicitFileType = wrapper.application; includeInIndex = 0; path = LMoviesDB.app; sourceTree = BUILT_PRODUCTS_DIR; };
		409BE15C28663ABC00B9362F /* AppDelegate.swift */ = {isa = PBXFileReference; lastKnownFileType = sourcecode.swift; path = AppDelegate.swift; sourceTree = "<group>"; };
		409BE15E28663ABC00B9362F /* SceneDelegate.swift */ = {isa = PBXFileReference; lastKnownFileType = sourcecode.swift; path = SceneDelegate.swift; sourceTree = "<group>"; };
		409BE16028663ABC00B9362F /* HomeViewController.swift */ = {isa = PBXFileReference; lastKnownFileType = sourcecode.swift; path = HomeViewController.swift; sourceTree = "<group>"; };
		409BE16328663ABC00B9362F /* Base */ = {isa = PBXFileReference; lastKnownFileType = file.storyboard; name = Base; path = Base.lproj/Main.storyboard; sourceTree = "<group>"; };
		409BE16828663AC100B9362F /* Base */ = {isa = PBXFileReference; lastKnownFileType = file.storyboard; name = Base; path = Base.lproj/LaunchScreen.storyboard; sourceTree = "<group>"; };
		409BE16A28663AC100B9362F /* Info.plist */ = {isa = PBXFileReference; lastKnownFileType = text.plist.xml; path = Info.plist; sourceTree = "<group>"; };
		409BE1772866617500B9362F /* Movie.swift */ = {isa = PBXFileReference; lastKnownFileType = sourcecode.swift; path = Movie.swift; sourceTree = "<group>"; };
		409BE1792866621400B9362F /* Date.swift */ = {isa = PBXFileReference; lastKnownFileType = sourcecode.swift; path = Date.swift; sourceTree = "<group>"; };
		409BE17B286662F800B9362F /* MoviesResponse.swift */ = {isa = PBXFileReference; lastKnownFileType = sourcecode.swift; path = MoviesResponse.swift; sourceTree = "<group>"; };
		409BE1812866F7A900B9362F /* UserService.swift */ = {isa = PBXFileReference; lastKnownFileType = sourcecode.swift; path = UserService.swift; sourceTree = "<group>"; };
		409BE183286709D400B9362F /* MovieDetailsViewController.swift */ = {isa = PBXFileReference; lastKnownFileType = sourcecode.swift; path = MovieDetailsViewController.swift; sourceTree = "<group>"; };
		409BE1862867266000B9362F /* Assets.xcassets */ = {isa = PBXFileReference; lastKnownFileType = folder.assetcatalog; path = Assets.xcassets; sourceTree = "<group>"; };
		6C2D6474ABA7B2AF6EA5B081 /* Pods-LMoviesDB.debug.xcconfig */ = {isa = PBXFileReference; includeInIndex = 1; lastKnownFileType = text.xcconfig; name = "Pods-LMoviesDB.debug.xcconfig"; path = "Target Support Files/Pods-LMoviesDB/Pods-LMoviesDB.debug.xcconfig"; sourceTree = "<group>"; };
		8003FAF567DDEBCFCFE1F754 /* Pods_LMoviesDB.framework */ = {isa = PBXFileReference; explicitFileType = wrapper.framework; includeInIndex = 0; path = Pods_LMoviesDB.framework; sourceTree = BUILT_PRODUCTS_DIR; };
		DCEFD6652E58B776653C914E /* Pods-LMoviesDB.release.xcconfig */ = {isa = PBXFileReference; includeInIndex = 1; lastKnownFileType = text.xcconfig; name = "Pods-LMoviesDB.release.xcconfig"; path = "Target Support Files/Pods-LMoviesDB/Pods-LMoviesDB.release.xcconfig"; sourceTree = "<group>"; };
		FB67997728676AB70086A07B /* MovieHeaderTableViewCell.swift */ = {isa = PBXFileReference; fileEncoding = 4; lastKnownFileType = sourcecode.swift; path = MovieHeaderTableViewCell.swift; sourceTree = "<group>"; };
		FB67997828676AB70086A07B /* MovieHeaderTableViewCell.xib */ = {isa = PBXFileReference; fileEncoding = 4; lastKnownFileType = file.xib; path = MovieHeaderTableViewCell.xib; sourceTree = "<group>"; };
/* End PBXFileReference section */

/* Begin PBXFrameworksBuildPhase section */
		409BE15628663ABC00B9362F /* Frameworks */ = {
			isa = PBXFrameworksBuildPhase;
			buildActionMask = 2147483647;
			files = (
				23580E2E109C6B52BE85475B /* Pods_LMoviesDB.framework in Frameworks */,
			);
			runOnlyForDeploymentPostprocessing = 0;
		};
/* End PBXFrameworksBuildPhase section */

/* Begin PBXGroup section */
		401687DD2867450D00A3CB8F /* Cells */ = {
			isa = PBXGroup;
			children = (
				FB67997728676AB70086A07B /* MovieHeaderTableViewCell.swift */,
				FB67997828676AB70086A07B /* MovieHeaderTableViewCell.xib */,
				401687DE286745AD00A3CB8F /* MovieTableViewCell.swift */,
			);
			path = Cells;
			sourceTree = "<group>";
		};
		401687E02867466900A3CB8F /* ViewModel */ = {
			isa = PBXGroup;
			children = (
				401687E22867467E00A3CB8F /* MovieDetails */,
				401687E12867467500A3CB8F /* Home */,
			);
			path = ViewModel;
			sourceTree = "<group>";
		};
		401687E12867467500A3CB8F /* Home */ = {
			isa = PBXGroup;
			children = (
				401687E4286746AA00A3CB8F /* HomeViewModel.swift */,
			);
			path = Home;
			sourceTree = "<group>";
		};
		401687E22867467E00A3CB8F /* MovieDetails */ = {
			isa = PBXGroup;
			children = (
				401687E62867471000A3CB8F /* MovieDetailsViewModel.swift */,
			);
			path = MovieDetails;
			sourceTree = "<group>";
		};
		409BE15028663ABC00B9362F = {
			isa = PBXGroup;
			children = (
				409BE15B28663ABC00B9362F /* LMoviesDB */,
				409BE15A28663ABC00B9362F /* Products */,
				6B8389ACC519EF5AEAF817DA /* Pods */,
				F89F21D61AC5B35177F75854 /* Frameworks */,
			);
			sourceTree = "<group>";
		};
		409BE15A28663ABC00B9362F /* Products */ = {
			isa = PBXGroup;
			children = (
				409BE15928663ABC00B9362F /* LMoviesDB.app */,
			);
			name = Products;
			sourceTree = "<group>";
		};
		409BE15B28663ABC00B9362F /* LMoviesDB */ = {
			isa = PBXGroup;
			children = (
				401687E02867466900A3CB8F /* ViewModel */,
				401687DD2867450D00A3CB8F /* Cells */,
				409BE1852867230600B9362F /* Resources */,
				409BE1802866673800B9362F /* Networking */,
				409BE174286660D200B9362F /* Stories */,
				409BE173286660CC00B9362F /* Models */,
				409BE15C28663ABC00B9362F /* AppDelegate.swift */,
				409BE15E28663ABC00B9362F /* SceneDelegate.swift */,
				409BE16228663ABC00B9362F /* Main.storyboard */,
				409BE16728663AC100B9362F /* LaunchScreen.storyboard */,
				409BE16A28663AC100B9362F /* Info.plist */,
			);
			path = LMoviesDB;
			sourceTree = "<group>";
		};
		409BE173286660CC00B9362F /* Models */ = {
			isa = PBXGroup;
			children = (
				409BE1772866617500B9362F /* Movie.swift */,
				409BE1792866621400B9362F /* Date.swift */,
				409BE17B286662F800B9362F /* MoviesResponse.swift */,
			);
			path = Models;
			sourceTree = "<group>";
		};
		409BE174286660D200B9362F /* Stories */ = {
			isa = PBXGroup;
			children = (
				409BE176286660E500B9362F /* MovieDetails */,
				409BE175286660DD00B9362F /* Home */,
			);
			path = Stories;
			sourceTree = "<group>";
		};
		409BE175286660DD00B9362F /* Home */ = {
			isa = PBXGroup;
			children = (
				409BE16028663ABC00B9362F /* HomeViewController.swift */,
			);
			path = Home;
			sourceTree = "<group>";
		};
		409BE176286660E500B9362F /* MovieDetails */ = {
			isa = PBXGroup;
			children = (
				409BE183286709D400B9362F /* MovieDetailsViewController.swift */,
			);
			path = MovieDetails;
			sourceTree = "<group>";
		};
		409BE1802866673800B9362F /* Networking */ = {
			isa = PBXGroup;
			children = (
				409BE1812866F7A900B9362F /* UserService.swift */,
			);
			path = Networking;
			sourceTree = "<group>";
		};
		409BE1852867230600B9362F /* Resources */ = {
			isa = PBXGroup;
			children = (
				409BE1862867266000B9362F /* Assets.xcassets */,
			);
			path = Resources;
			sourceTree = "<group>";
		};
		6B8389ACC519EF5AEAF817DA /* Pods */ = {
			isa = PBXGroup;
			children = (
				6C2D6474ABA7B2AF6EA5B081 /* Pods-LMoviesDB.debug.xcconfig */,
				DCEFD6652E58B776653C914E /* Pods-LMoviesDB.release.xcconfig */,
			);
			path = Pods;
			sourceTree = "<group>";
		};
		F89F21D61AC5B35177F75854 /* Frameworks */ = {
			isa = PBXGroup;
			children = (
				8003FAF567DDEBCFCFE1F754 /* Pods_LMoviesDB.framework */,
			);
			name = Frameworks;
			sourceTree = "<group>";
		};
/* End PBXGroup section */

/* Begin PBXNativeTarget section */
		409BE15828663ABC00B9362F /* LMoviesDB */ = {
			isa = PBXNativeTarget;
			buildConfigurationList = 409BE16D28663AC100B9362F /* Build configuration list for PBXNativeTarget "LMoviesDB" */;
			buildPhases = (
				FBCDE255F1496ADADA8B28D1 /* [CP] Check Pods Manifest.lock */,
				409BE15528663ABC00B9362F /* Sources */,
				409BE15628663ABC00B9362F /* Frameworks */,
				409BE15728663ABC00B9362F /* Resources */,
				C10B2B9866BCEB5811B92B1C /* [CP] Embed Pods Frameworks */,
			);
			buildRules = (
			);
			dependencies = (
			);
			name = LMoviesDB;
			productName = LMoviesDB;
			productReference = 409BE15928663ABC00B9362F /* LMoviesDB.app */;
			productType = "com.apple.product-type.application";
		};
/* End PBXNativeTarget section */

/* Begin PBXProject section */
		409BE15128663ABC00B9362F /* Project object */ = {
			isa = PBXProject;
			attributes = {
				BuildIndependentTargetsInParallel = 1;
				LastSwiftUpdateCheck = 1340;
				LastUpgradeCheck = 1340;
				TargetAttributes = {
					409BE15828663ABC00B9362F = {
						CreatedOnToolsVersion = 13.4.1;
					};
				};
			};
			buildConfigurationList = 409BE15428663ABC00B9362F /* Build configuration list for PBXProject "LMoviesDB" */;
			compatibilityVersion = "Xcode 13.0";
			developmentRegion = en;
			hasScannedForEncodings = 0;
			knownRegions = (
				en,
				Base,
			);
			mainGroup = 409BE15028663ABC00B9362F;
			productRefGroup = 409BE15A28663ABC00B9362F /* Products */;
			projectDirPath = "";
			projectRoot = "";
			targets = (
				409BE15828663ABC00B9362F /* LMoviesDB */,
			);
		};
/* End PBXProject section */

/* Begin PBXResourcesBuildPhase section */
		409BE15728663ABC00B9362F /* Resources */ = {
			isa = PBXResourcesBuildPhase;
			buildActionMask = 2147483647;
			files = (
				409BE16928663AC100B9362F /* LaunchScreen.storyboard in Resources */,
				FB67997A28676AB70086A07B /* MovieHeaderTableViewCell.xib in Resources */,
				409BE1872867266000B9362F /* Assets.xcassets in Resources */,
				409BE16428663ABC00B9362F /* Main.storyboard in Resources */,
			);
			runOnlyForDeploymentPostprocessing = 0;
		};
/* End PBXResourcesBuildPhase section */

/* Begin PBXShellScriptBuildPhase section */
		C10B2B9866BCEB5811B92B1C /* [CP] Embed Pods Frameworks */ = {
			isa = PBXShellScriptBuildPhase;
			buildActionMask = 2147483647;
			files = (
			);
			inputFileListPaths = (
				"${PODS_ROOT}/Target Support Files/Pods-LMoviesDB/Pods-LMoviesDB-frameworks-${CONFIGURATION}-input-files.xcfilelist",
			);
			name = "[CP] Embed Pods Frameworks";
			outputFileListPaths = (
				"${PODS_ROOT}/Target Support Files/Pods-LMoviesDB/Pods-LMoviesDB-frameworks-${CONFIGURATION}-output-files.xcfilelist",
			);
			runOnlyForDeploymentPostprocessing = 0;
			shellPath = /bin/sh;
			shellScript = "\"${PODS_ROOT}/Target Support Files/Pods-LMoviesDB/Pods-LMoviesDB-frameworks.sh\"\n";
			showEnvVarsInLog = 0;
		};
		FBCDE255F1496ADADA8B28D1 /* [CP] Check Pods Manifest.lock */ = {
			isa = PBXShellScriptBuildPhase;
			buildActionMask = 2147483647;
			files = (
			);
			inputFileListPaths = (
			);
			inputPaths = (
				"${PODS_PODFILE_DIR_PATH}/Podfile.lock",
				"${PODS_ROOT}/Manifest.lock",
			);
			name = "[CP] Check Pods Manifest.lock";
			outputFileListPaths = (
			);
			outputPaths = (
				"$(DERIVED_FILE_DIR)/Pods-LMoviesDB-checkManifestLockResult.txt",
			);
			runOnlyForDeploymentPostprocessing = 0;
			shellPath = /bin/sh;
			shellScript = "diff \"${PODS_PODFILE_DIR_PATH}/Podfile.lock\" \"${PODS_ROOT}/Manifest.lock\" > /dev/null\nif [ $? != 0 ] ; then\n    # print error to STDERR\n    echo \"error: The sandbox is not in sync with the Podfile.lock. Run 'pod install' or update your CocoaPods installation.\" >&2\n    exit 1\nfi\n# This output is used by Xcode 'outputs' to avoid re-running this script phase.\necho \"SUCCESS\" > \"${SCRIPT_OUTPUT_FILE_0}\"\n";
			showEnvVarsInLog = 0;
		};
/* End PBXShellScriptBuildPhase section */

/* Begin PBXSourcesBuildPhase section */
		409BE15528663ABC00B9362F /* Sources */ = {
			isa = PBXSourcesBuildPhase;
			buildActionMask = 2147483647;
			files = (
				409BE184286709D400B9362F /* MovieDetailsViewController.swift in Sources */,
				FB67997928676AB70086A07B /* MovieHeaderTableViewCell.swift in Sources */,
				409BE16128663ABC00B9362F /* HomeViewController.swift in Sources */,
				401687DF286745AD00A3CB8F /* MovieTableViewCell.swift in Sources */,
				401687E5286746AA00A3CB8F /* HomeViewModel.swift in Sources */,
				409BE17A2866621400B9362F /* Date.swift in Sources */,
				401687E72867471000A3CB8F /* MovieDetailsViewModel.swift in Sources */,
				409BE15D28663ABC00B9362F /* AppDelegate.swift in Sources */,
				409BE1782866617500B9362F /* Movie.swift in Sources */,
				409BE1822866F7A900B9362F /* UserService.swift in Sources */,
				409BE15F28663ABC00B9362F /* SceneDelegate.swift in Sources */,
				409BE17C286662F800B9362F /* MoviesResponse.swift in Sources */,
			);
			runOnlyForDeploymentPostprocessing = 0;
		};
/* End PBXSourcesBuildPhase section */

/* Begin PBXVariantGroup section */
		409BE16228663ABC00B9362F /* Main.storyboard */ = {
			isa = PBXVariantGroup;
			children = (
				409BE16328663ABC00B9362F /* Base */,
			);
			name = Main.storyboard;
			sourceTree = "<group>";
		};
		409BE16728663AC100B9362F /* LaunchScreen.storyboard */ = {
			isa = PBXVariantGroup;
			children = (
				409BE16828663AC100B9362F /* Base */,
			);
			name = LaunchScreen.storyboard;
			sourceTree = "<group>";
		};
/* End PBXVariantGroup section */

/* Begin XCBuildConfiguration section */
		409BE16B28663AC100B9362F /* Debug */ = {
			isa = XCBuildConfiguration;
			buildSettings = {
				ALWAYS_SEARCH_USER_PATHS = NO;
				CLANG_ANALYZER_NONNULL = YES;
				CLANG_ANALYZER_NUMBER_OBJECT_CONVERSION = YES_AGGRESSIVE;
				CLANG_CXX_LANGUAGE_STANDARD = "gnu++17";
				CLANG_ENABLE_MODULES = YES;
				CLANG_ENABLE_OBJC_ARC = YES;
				CLANG_ENABLE_OBJC_WEAK = YES;
				CLANG_WARN_BLOCK_CAPTURE_AUTORELEASING = YES;
				CLANG_WARN_BOOL_CONVERSION = YES;
				CLANG_WARN_COMMA = YES;
				CLANG_WARN_CONSTANT_CONVERSION = YES;
				CLANG_WARN_DEPRECATED_OBJC_IMPLEMENTATIONS = YES;
				CLANG_WARN_DIRECT_OBJC_ISA_USAGE = YES_ERROR;
				CLANG_WARN_DOCUMENTATION_COMMENTS = YES;
				CLANG_WARN_EMPTY_BODY = YES;
				CLANG_WARN_ENUM_CONVERSION = YES;
				CLANG_WARN_INFINITE_RECURSION = YES;
				CLANG_WARN_INT_CONVERSION = YES;
				CLANG_WARN_NON_LITERAL_NULL_CONVERSION = YES;
				CLANG_WARN_OBJC_IMPLICIT_RETAIN_SELF = YES;
				CLANG_WARN_OBJC_LITERAL_CONVERSION = YES;
				CLANG_WARN_OBJC_ROOT_CLASS = YES_ERROR;
				CLANG_WARN_QUOTED_INCLUDE_IN_FRAMEWORK_HEADER = YES;
				CLANG_WARN_RANGE_LOOP_ANALYSIS = YES;
				CLANG_WARN_STRICT_PROTOTYPES = YES;
				CLANG_WARN_SUSPICIOUS_MOVE = YES;
				CLANG_WARN_UNGUARDED_AVAILABILITY = YES_AGGRESSIVE;
				CLANG_WARN_UNREACHABLE_CODE = YES;
				CLANG_WARN__DUPLICATE_METHOD_MATCH = YES;
				COPY_PHASE_STRIP = NO;
				DEBUG_INFORMATION_FORMAT = dwarf;
				ENABLE_STRICT_OBJC_MSGSEND = YES;
				ENABLE_TESTABILITY = YES;
				GCC_C_LANGUAGE_STANDARD = gnu11;
				GCC_DYNAMIC_NO_PIC = NO;
				GCC_NO_COMMON_BLOCKS = YES;
				GCC_OPTIMIZATION_LEVEL = 0;
				GCC_PREPROCESSOR_DEFINITIONS = (
					"DEBUG=1",
					"$(inherited)",
				);
				GCC_WARN_64_TO_32_BIT_CONVERSION = YES;
				GCC_WARN_ABOUT_RETURN_TYPE = YES_ERROR;
				GCC_WARN_UNDECLARED_SELECTOR = YES;
				GCC_WARN_UNINITIALIZED_AUTOS = YES_AGGRESSIVE;
				GCC_WARN_UNUSED_FUNCTION = YES;
				GCC_WARN_UNUSED_VARIABLE = YES;
				IPHONEOS_DEPLOYMENT_TARGET = 15.5;
				MTL_ENABLE_DEBUG_INFO = INCLUDE_SOURCE;
				MTL_FAST_MATH = YES;
				ONLY_ACTIVE_ARCH = YES;
				SDKROOT = iphoneos;
				SWIFT_ACTIVE_COMPILATION_CONDITIONS = DEBUG;
				SWIFT_OPTIMIZATION_LEVEL = "-Onone";
			};
			name = Debug;
		};
		409BE16C28663AC100B9362F /* Release */ = {
			isa = XCBuildConfiguration;
			buildSettings = {
				ALWAYS_SEARCH_USER_PATHS = NO;
				CLANG_ANALYZER_NONNULL = YES;
				CLANG_ANALYZER_NUMBER_OBJECT_CONVERSION = YES_AGGRESSIVE;
				CLANG_CXX_LANGUAGE_STANDARD = "gnu++17";
				CLANG_ENABLE_MODULES = YES;
				CLANG_ENABLE_OBJC_ARC = YES;
				CLANG_ENABLE_OBJC_WEAK = YES;
				CLANG_WARN_BLOCK_CAPTURE_AUTORELEASING = YES;
				CLANG_WARN_BOOL_CONVERSION = YES;
				CLANG_WARN_COMMA = YES;
				CLANG_WARN_CONSTANT_CONVERSION = YES;
				CLANG_WARN_DEPRECATED_OBJC_IMPLEMENTATIONS = YES;
				CLANG_WARN_DIRECT_OBJC_ISA_USAGE = YES_ERROR;
				CLANG_WARN_DOCUMENTATION_COMMENTS = YES;
				CLANG_WARN_EMPTY_BODY = YES;
				CLANG_WARN_ENUM_CONVERSION = YES;
				CLANG_WARN_INFINITE_RECURSION = YES;
				CLANG_WARN_INT_CONVERSION = YES;
				CLANG_WARN_NON_LITERAL_NULL_CONVERSION = YES;
				CLANG_WARN_OBJC_IMPLICIT_RETAIN_SELF = YES;
				CLANG_WARN_OBJC_LITERAL_CONVERSION = YES;
				CLANG_WARN_OBJC_ROOT_CLASS = YES_ERROR;
				CLANG_WARN_QUOTED_INCLUDE_IN_FRAMEWORK_HEADER = YES;
				CLANG_WARN_RANGE_LOOP_ANALYSIS = YES;
				CLANG_WARN_STRICT_PROTOTYPES = YES;
				CLANG_WARN_SUSPICIOUS_MOVE = YES;
				CLANG_WARN_UNGUARDED_AVAILABILITY = YES_AGGRESSIVE;
				CLANG_WARN_UNREACHABLE_CODE = YES;
				CLANG_WARN__DUPLICATE_METHOD_MATCH = YES;
				COPY_PHASE_STRIP = NO;
				DEBUG_INFORMATION_FORMAT = "dwarf-with-dsym";
				ENABLE_NS_ASSERTIONS = NO;
				ENABLE_STRICT_OBJC_MSGSEND = YES;
				GCC_C_LANGUAGE_STANDARD = gnu11;
				GCC_NO_COMMON_BLOCKS = YES;
				GCC_WARN_64_TO_32_BIT_CONVERSION = YES;
				GCC_WARN_ABOUT_RETURN_TYPE = YES_ERROR;
				GCC_WARN_UNDECLARED_SELECTOR = YES;
				GCC_WARN_UNINITIALIZED_AUTOS = YES_AGGRESSIVE;
				GCC_WARN_UNUSED_FUNCTION = YES;
				GCC_WARN_UNUSED_VARIABLE = YES;
				IPHONEOS_DEPLOYMENT_TARGET = 15.5;
				MTL_ENABLE_DEBUG_INFO = NO;
				MTL_FAST_MATH = YES;
				SDKROOT = iphoneos;
				SWIFT_COMPILATION_MODE = wholemodule;
				SWIFT_OPTIMIZATION_LEVEL = "-O";
				VALIDATE_PRODUCT = YES;
			};
			name = Release;
		};
		409BE16E28663AC100B9362F /* Debug */ = {
			isa = XCBuildConfiguration;
			baseConfigurationReference = 6C2D6474ABA7B2AF6EA5B081 /* Pods-LMoviesDB.debug.xcconfig */;
			buildSettings = {
				ASSETCATALOG_COMPILER_APPICON_NAME = AppIcon;
				ASSETCATALOG_COMPILER_GLOBAL_ACCENT_COLOR_NAME = AccentColor;
				CODE_SIGN_STYLE = Automatic;
				CURRENT_PROJECT_VERSION = 1;
				DEVELOPMENT_TEAM = 4RSQQ96426;
				GENERATE_INFOPLIST_FILE = YES;
				INFOPLIST_FILE = LMoviesDB/Info.plist;
				INFOPLIST_KEY_UIApplicationSupportsIndirectInputEvents = YES;
				INFOPLIST_KEY_UILaunchStoryboardName = LaunchScreen;
				INFOPLIST_KEY_UIMainStoryboardFile = Main;
				INFOPLIST_KEY_UIRequiresFullScreen = NO;
				INFOPLIST_KEY_UIStatusBarHidden = NO;
				INFOPLIST_KEY_UISupportedInterfaceOrientations_iPad = "UIInterfaceOrientationPortrait UIInterfaceOrientationPortraitUpsideDown UIInterfaceOrientationLandscapeLeft UIInterfaceOrientationLandscapeRight";
				INFOPLIST_KEY_UISupportedInterfaceOrientations_iPhone = "UIInterfaceOrientationPortrait UIInterfaceOrientationLandscapeLeft UIInterfaceOrientationLandscapeRight";
				LD_RUNPATH_SEARCH_PATHS = (
					"$(inherited)",
					"@executable_path/Frameworks",
				);
				MARKETING_VERSION = 1.0;
				PRODUCT_BUNDLE_IDENTIFIER = YelizKececi.LMoviesDB;
				PRODUCT_NAME = "$(TARGET_NAME)";
				SWIFT_EMIT_LOC_STRINGS = YES;
				SWIFT_VERSION = 5.0;
				TARGETED_DEVICE_FAMILY = "1,2";
			};
			name = Debug;
		};
		409BE16F28663AC100B9362F /* Release */ = {
			isa = XCBuildConfiguration;
			baseConfigurationReference = DCEFD6652E58B776653C914E /* Pods-LMoviesDB.release.xcconfig */;
			buildSettings = {
				ASSETCATALOG_COMPILER_APPICON_NAME = AppIcon;
				ASSETCATALOG_COMPILER_GLOBAL_ACCENT_COLOR_NAME = AccentColor;
				CODE_SIGN_STYLE = Automatic;
				CURRENT_PROJECT_VERSION = 1;
				DEVELOPMENT_TEAM = 4RSQQ96426;
				GENERATE_INFOPLIST_FILE = YES;
				INFOPLIST_FILE = LMoviesDB/Info.plist;
				INFOPLIST_KEY_UIApplicationSupportsIndirectInputEvents = YES;
				INFOPLIST_KEY_UILaunchStoryboardName = LaunchScreen;
				INFOPLIST_KEY_UIMainStoryboardFile = Main;
				INFOPLIST_KEY_UIRequiresFullScreen = NO;
				INFOPLIST_KEY_UIStatusBarHidden = NO;
				INFOPLIST_KEY_UISupportedInterfaceOrientations_iPad = "UIInterfaceOrientationPortrait UIInterfaceOrientationPortraitUpsideDown UIInterfaceOrientationLandscapeLeft UIInterfaceOrientationLandscapeRight";
				INFOPLIST_KEY_UISupportedInterfaceOrientations_iPhone = "UIInterfaceOrientationPortrait UIInterfaceOrientationLandscapeLeft UIInterfaceOrientationLandscapeRight";
				LD_RUNPATH_SEARCH_PATHS = (
					"$(inherited)",
					"@executable_path/Frameworks",
				);
				MARKETING_VERSION = 1.0;
				PRODUCT_BUNDLE_IDENTIFIER = YelizKececi.LMoviesDB;
				PRODUCT_NAME = "$(TARGET_NAME)";
				SWIFT_EMIT_LOC_STRINGS = YES;
				SWIFT_VERSION = 5.0;
				TARGETED_DEVICE_FAMILY = "1,2";
			};
			name = Release;
		};
/* End XCBuildConfiguration section */

/* Begin XCConfigurationList section */
		409BE15428663ABC00B9362F /* Build configuration list for PBXProject "LMoviesDB" */ = {
			isa = XCConfigurationList;
			buildConfigurations = (
				409BE16B28663AC100B9362F /* Debug */,
				409BE16C28663AC100B9362F /* Release */,
			);
			defaultConfigurationIsVisible = 0;
			defaultConfigurationName = Release;
		};
		409BE16D28663AC100B9362F /* Build configuration list for PBXNativeTarget "LMoviesDB" */ = {
			isa = XCConfigurationList;
			buildConfigurations = (
				409BE16E28663AC100B9362F /* Debug */,
				409BE16F28663AC100B9362F /* Release */,
			);
			defaultConfigurationIsVisible = 0;
			defaultConfigurationName = Release;
		};
/* End XCConfigurationList section */
	};
	rootObject = 409BE15128663ABC00B9362F /* Project object */;
}
